
Microsoft Visual Studio Solution File, Format Version 12.00
# Visual Studio 15
VisualStudioVersion = 15.0.27703.2026
MinimumVisualStudioVersion = 10.0.40219.1
Project("{FAE04EC0-301F-11D3-BF4B-00C04F79EFBC}") = "DerECoach.Util.Holiday", "DerECoach.Util.Holiday\DerECoach.Util.Holiday.csproj", "{EC47E1F9-399D-4F49-B9E3-0A72BCC2DE99}"
EndProject
Project("{FAE04EC0-301F-11D3-BF4B-00C04F79EFBC}") = "DerECoach.Util.Holiday.App", "DerECoach.Util.Holiday.App\DerECoach.Util.Holiday.App.csproj", "{9C1501D4-617F-4E40-B674-92770F03E78C}"
EndProject
Global
	GlobalSection(SolutionConfigurationPlatforms) = preSolution
		Debug|Any CPU = Debug|Any CPU
		Release|Any CPU = Release|Any CPU
	EndGlobalSection
	GlobalSection(ProjectConfigurationPlatforms) = postSolution
		{EC47E1F9-399D-4F49-B9E3-0A72BCC2DE99}.Debug|Any CPU.ActiveCfg = Debug|Any CPU
		{EC47E1F9-399D-4F49-B9E3-0A72BCC2DE99}.Debug|Any CPU.Build.0 = Debug|Any CPU
		{EC47E1F9-399D-4F49-B9E3-0A72BCC2DE99}.Release|Any CPU.ActiveCfg = Release|Any CPU
		{EC47E1F9-399D-4F49-B9E3-0A72BCC2DE99}.Release|Any CPU.Build.0 = Release|Any CPU
		{9C1501D4-617F-4E40-B674-92770F03E78C}.Debug|Any CPU.ActiveCfg = Debug|Any CPU
		{9C1501D4-617F-4E40-B674-92770F03E78C}.Debug|Any CPU.Build.0 = Debug|Any CPU
		{9C1501D4-617F-4E40-B674-92770F03E78C}.Release|Any CPU.ActiveCfg = Release|Any CPU
		{9C1501D4-617F-4E40-B674-92770F03E78C}.Release|Any CPU.Build.0 = Release|Any CPU
	EndGlobalSection
	GlobalSection(SolutionProperties) = preSolution
		HideSolutionNode = FALSE
	EndGlobalSection
	GlobalSection(ExtensibilityGlobals) = postSolution
		SolutionGuid = {A072A4A7-67E8-411F-94F9-7925D1FD9241}
	EndGlobalSection
EndGlobal
